
Microsoft Visual Studio Solution File, Format Version 12.00
# Visual Studio 15
VisualStudioVersion = 15.0.27130.2036
MinimumVisualStudioVersion = 10.0.40219.1
Project("{FAE04EC0-301F-11D3-BF4B-00C04F79EFBC}") = "96five.Android", "96five\96five.Android\96five.Android.csproj", "{48131B1A-9F3B-4A84-99F1-AA597D8A6AA7}"
EndProject
Project("{FAE04EC0-301F-11D3-BF4B-00C04F79EFBC}") = "96five.iOS", "96five\96five.iOS\96five.iOS.csproj", "{A7FF74C6-8E51-4F51-9775-BAC09FB2D737}"
EndProject
Project("{FAE04EC0-301F-11D3-BF4B-00C04F79EFBC}") = "96five", "96five\96five\96five.csproj", "{6AF831DA-5C2E-4675-9DCD-4BD4BED1158A}"
EndProject
Global
	GlobalSection(SolutionConfigurationPlatforms) = preSolution
		Ad-Hoc|Any CPU = Ad-Hoc|Any CPU
		Ad-Hoc|iPhone = Ad-Hoc|iPhone
		Ad-Hoc|iPhoneSimulator = Ad-Hoc|iPhoneSimulator
		AppStore|Any CPU = AppStore|Any CPU
		AppStore|iPhone = AppStore|iPhone
		AppStore|iPhoneSimulator = AppStore|iPhoneSimulator
		Debug|Any CPU = Debug|Any CPU
		Debug|iPhone = Debug|iPhone
		Debug|iPhoneSimulator = Debug|iPhoneSimulator
		Release|Any CPU = Release|Any CPU
		Release|iPhone = Release|iPhone
		Release|iPhoneSimulator = Release|iPhoneSimulator
	EndGlobalSection
	GlobalSection(ProjectConfigurationPlatforms) = postSolution
		{48131B1A-9F3B-4A84-99F1-AA597D8A6AA7}.Ad-Hoc|Any CPU.ActiveCfg = Release|Any CPU
		{48131B1A-9F3B-4A84-99F1-AA597D8A6AA7}.Ad-Hoc|Any CPU.Build.0 = Release|Any CPU
		{48131B1A-9F3B-4A84-99F1-AA597D8A6AA7}.Ad-Hoc|Any CPU.Deploy.0 = Release|Any CPU
		{48131B1A-9F3B-4A84-99F1-AA597D8A6AA7}.Ad-Hoc|iPhone.ActiveCfg = Release|Any CPU
		{48131B1A-9F3B-4A84-99F1-AA597D8A6AA7}.Ad-Hoc|iPhone.Build.0 = Release|Any CPU
		{48131B1A-9F3B-4A84-99F1-AA597D8A6AA7}.Ad-Hoc|iPhone.Deploy.0 = Release|Any CPU
		{48131B1A-9F3B-4A84-99F1-AA597D8A6AA7}.Ad-Hoc|iPhoneSimulator.ActiveCfg = Release|Any CPU
		{48131B1A-9F3B-4A84-99F1-AA597D8A6AA7}.Ad-Hoc|iPhoneSimulator.Build.0 = Release|Any CPU
		{48131B1A-9F3B-4A84-99F1-AA597D8A6AA7}.Ad-Hoc|iPhoneSimulator.Deploy.0 = Release|Any CPU
		{48131B1A-9F3B-4A84-99F1-AA597D8A6AA7}.AppStore|Any CPU.ActiveCfg = Release|Any CPU
		{48131B1A-9F3B-4A84-99F1-AA597D8A6AA7}.AppStore|Any CPU.Build.0 = Release|Any CPU
		{48131B1A-9F3B-4A84-99F1-AA597D8A6AA7}.AppStore|Any CPU.Deploy.0 = Release|Any CPU
		{48131B1A-9F3B-4A84-99F1-AA597D8A6AA7}.AppStore|iPhone.ActiveCfg = Release|Any CPU
		{48131B1A-9F3B-4A84-99F1-AA597D8A6AA7}.AppStore|iPhone.Build.0 = Release|Any CPU
		{48131B1A-9F3B-4A84-99F1-AA597D8A6AA7}.AppStore|iPhone.Deploy.0 = Release|Any CPU
		{48131B1A-9F3B-4A84-99F1-AA597D8A6AA7}.AppStore|iPhoneSimulator.ActiveCfg = Release|Any CPU
		{48131B1A-9F3B-4A84-99F1-AA597D8A6AA7}.AppStore|iPhoneSimulator.Build.0 = Release|Any CPU
		{48131B1A-9F3B-4A84-99F1-AA597D8A6AA7}.AppStore|iPhoneSimulator.Deploy.0 = Release|Any CPU
		{48131B1A-9F3B-4A84-99F1-AA597D8A6AA7}.Debug|Any CPU.ActiveCfg = Debug|Any CPU
		{48131B1A-9F3B-4A84-99F1-AA597D8A6AA7}.Debug|Any CPU.Build.0 = Debug|Any CPU
		{48131B1A-9F3B-4A84-99F1-AA597D8A6AA7}.Debug|Any CPU.Deploy.0 = Debug|Any CPU
		{48131B1A-9F3B-4A84-99F1-AA597D8A6AA7}.Debug|iPhone.ActiveCfg = Debug|Any CPU
		{48131B1A-9F3B-4A84-99F1-AA597D8A6AA7}.Debug|iPhone.Build.0 = Debug|Any CPU
		{48131B1A-9F3B-4A84-99F1-AA597D8A6AA7}.Debug|iPhone.Deploy.0 = Debug|Any CPU
		{48131B1A-9F3B-4A84-99F1-AA597D8A6AA7}.Debug|iPhoneSimulator.ActiveCfg = Debug|Any CPU
		{48131B1A-9F3B-4A84-99F1-AA597D8A6AA7}.Debug|iPhoneSimulator.Build.0 = Debug|Any CPU
		{48131B1A-9F3B-4A84-99F1-AA597D8A6AA7}.Debug|iPhoneSimulator.Deploy.0 = Debug|Any CPU
		{48131B1A-9F3B-4A84-99F1-AA597D8A6AA7}.Release|Any CPU.ActiveCfg = Release|Any CPU
		{48131B1A-9F3B-4A84-99F1-AA597D8A6AA7}.Release|Any CPU.Build.0 = Release|Any CPU
		{48131B1A-9F3B-4A84-99F1-AA597D8A6AA7}.Release|Any CPU.Deploy.0 = Release|Any CPU
		{48131B1A-9F3B-4A84-99F1-AA597D8A6AA7}.Release|iPhone.ActiveCfg = Release|Any CPU
		{48131B1A-9F3B-4A84-99F1-AA597D8A6AA7}.Release|iPhone.Build.0 = Release|Any CPU
		{48131B1A-9F3B-4A84-99F1-AA597D8A6AA7}.Release|iPhone.Deploy.0 = Release|Any CPU
		{48131B1A-9F3B-4A84-99F1-AA597D8A6AA7}.Release|iPhoneSimulator.ActiveCfg = Release|Any CPU
		{48131B1A-9F3B-4A84-99F1-AA597D8A6AA7}.Release|iPhoneSimulator.Build.0 = Release|Any CPU
		{48131B1A-9F3B-4A84-99F1-AA597D8A6AA7}.Release|iPhoneSimulator.Deploy.0 = Release|Any CPU
		{A7FF74C6-8E51-4F51-9775-BAC09FB2D737}.Ad-Hoc|Any CPU.ActiveCfg = Ad-Hoc|iPhone
		{A7FF74C6-8E51-4F51-9775-BAC09FB2D737}.Ad-Hoc|iPhone.ActiveCfg = Ad-Hoc|iPhone
		{A7FF74C6-8E51-4F51-9775-BAC09FB2D737}.Ad-Hoc|iPhone.Build.0 = Ad-Hoc|iPhone
		{A7FF74C6-8E51-4F51-9775-BAC09FB2D737}.Ad-Hoc|iPhoneSimulator.ActiveCfg = Ad-Hoc|iPhoneSimulator
		{A7FF74C6-8E51-4F51-9775-BAC09FB2D737}.Ad-Hoc|iPhoneSimulator.Build.0 = Ad-Hoc|iPhoneSimulator
		{A7FF74C6-8E51-4F51-9775-BAC09FB2D737}.AppStore|Any CPU.ActiveCfg = AppStore|iPhone
		{A7FF74C6-8E51-4F51-9775-BAC09FB2D737}.AppStore|iPhone.ActiveCfg = AppStore|iPhone
		{A7FF74C6-8E51-4F51-9775-BAC09FB2D737}.AppStore|iPhone.Build.0 = AppStore|iPhone
		{A7FF74C6-8E51-4F51-9775-BAC09FB2D737}.AppStore|iPhoneSimulator.ActiveCfg = AppStore|iPhoneSimulator
		{A7FF74C6-8E51-4F51-9775-BAC09FB2D737}.AppStore|iPhoneSimulator.Build.0 = AppStore|iPhoneSimulator
		{A7FF74C6-8E51-4F51-9775-BAC09FB2D737}.Debug|Any CPU.ActiveCfg = Debug|iPhone
		{A7FF74C6-8E51-4F51-9775-BAC09FB2D737}.Debug|iPhone.ActiveCfg = Debug|iPhone
		{A7FF74C6-8E51-4F51-9775-BAC09FB2D737}.Debug|iPhone.Build.0 = Debug|iPhone
		{A7FF74C6-8E51-4F51-9775-BAC09FB2D737}.Debug|iPhoneSimulator.ActiveCfg = Debug|iPhoneSimulator
		{A7FF74C6-8E51-4F51-9775-BAC09FB2D737}.Debug|iPhoneSimulator.Build.0 = Debug|iPhoneSimulator
		{A7FF74C6-8E51-4F51-9775-BAC09FB2D737}.Release|Any CPU.ActiveCfg = Release|iPhone
		{A7FF74C6-8E51-4F51-9775-BAC09FB2D737}.Release|iPhone.ActiveCfg = Release|iPhone
		{A7FF74C6-8E51-4F51-9775-BAC09FB2D737}.Release|iPhone.Build.0 = Release|iPhone
		{A7FF74C6-8E51-4F51-9775-BAC09FB2D737}.Release|iPhoneSimulator.ActiveCfg = Release|iPhoneSimulator
		{A7FF74C6-8E51-4F51-9775-BAC09FB2D737}.Release|iPhoneSimulator.Build.0 = Release|iPhoneSimulator
		{6AF831DA-5C2E-4675-9DCD-4BD4BED1158A}.Ad-Hoc|Any CPU.ActiveCfg = Debug|Any CPU
		{6AF831DA-5C2E-4675-9DCD-4BD4BED1158A}.Ad-Hoc|Any CPU.Build.0 = Debug|Any CPU
		{6AF831DA-5C2E-4675-9DCD-4BD4BED1158A}.Ad-Hoc|iPhone.ActiveCfg = Debug|Any CPU
		{6AF831DA-5C2E-4675-9DCD-4BD4BED1158A}.Ad-Hoc|iPhone.Build.0 = Debug|Any CPU
		{6AF831DA-5C2E-4675-9DCD-4BD4BED1158A}.Ad-Hoc|iPhoneSimulator.ActiveCfg = Debug|Any CPU
		{6AF831DA-5C2E-4675-9DCD-4BD4BED1158A}.Ad-Hoc|iPhoneSimulator.Build.0 = Debug|Any CPU
		{6AF831DA-5C2E-4675-9DCD-4BD4BED1158A}.AppStore|Any CPU.ActiveCfg = Debug|Any CPU
		{6AF831DA-5C2E-4675-9DCD-4BD4BED1158A}.AppStore|Any CPU.Build.0 = Debug|Any CPU
		{6AF831DA-5C2E-4675-9DCD-4BD4BED1158A}.AppStore|iPhone.ActiveCfg = Debug|Any CPU
		{6AF831DA-5C2E-4675-9DCD-4BD4BED1158A}.AppStore|iPhone.Build.0 = Debug|Any CPU
		{6AF831DA-5C2E-4675-9DCD-4BD4BED1158A}.AppStore|iPhoneSimulator.ActiveCfg = Debug|Any CPU
		{6AF831DA-5C2E-4675-9DCD-4BD4BED1158A}.AppStore|iPhoneSimulator.Build.0 = Debug|Any CPU
		{6AF831DA-5C2E-4675-9DCD-4BD4BED1158A}.Debug|Any CPU.ActiveCfg = Debug|Any CPU
		{6AF831DA-5C2E-4675-9DCD-4BD4BED1158A}.Debug|Any CPU.Build.0 = Debug|Any CPU
		{6AF831DA-5C2E-4675-9DCD-4BD4BED1158A}.Debug|iPhone.ActiveCfg = Debug|Any CPU
		{6AF831DA-5C2E-4675-9DCD-4BD4BED1158A}.Debug|iPhone.Build.0 = Debug|Any CPU
		{6AF831DA-5C2E-4675-9DCD-4BD4BED1158A}.Debug|iPhoneSimulator.ActiveCfg = Debug|Any CPU
		{6AF831DA-5C2E-4675-9DCD-4BD4BED1158A}.Debug|iPhoneSimulator.Build.0 = Debug|Any CPU
		{6AF831DA-5C2E-4675-9DCD-4BD4BED1158A}.Release|Any CPU.ActiveCfg = Release|Any CPU
		{6AF831DA-5C2E-4675-9DCD-4BD4BED1158A}.Release|Any CPU.Build.0 = Release|Any CPU
		{6AF831DA-5C2E-4675-9DCD-4BD4BED1158A}.Release|iPhone.ActiveCfg = Release|Any CPU
		{6AF831DA-5C2E-4675-9DCD-4BD4BED1158A}.Release|iPhone.Build.0 = Release|Any CPU
		{6AF831DA-5C2E-4675-9DCD-4BD4BED1158A}.Release|iPhoneSimulator.ActiveCfg = Release|Any CPU
		{6AF831DA-5C2E-4675-9DCD-4BD4BED1158A}.Release|iPhoneSimulator.Build.0 = Release|Any CPU
	EndGlobalSection
	GlobalSection(SolutionProperties) = preSolution
		HideSolutionNode = FALSE
	EndGlobalSection
	GlobalSection(ExtensibilityGlobals) = postSolution
		SolutionGuid = {6845882B-D258-4ED5-B57A-0DCA5FE497E9}
	EndGlobalSection
EndGlobal
